{
  "name": "DuDuolingo",
  "lockfileVersion": 3,
  "requires": true,
  "packages": {
    "": {
      "dependencies": {
        "smartlook-client": "^10.0.0"
      }
    },
    "node_modules/smartlook-client": {
      "version": "10.0.0",
      "resolved": "https://registry.npmjs.org/smartlook-client/-/smartlook-client-10.0.0.tgz",
      "integrity": "sha512-KAyy+MXxgqfQJOqsnJhlFiBP29g7rE50hmdoSB3YYq15Dl9y8WEdh1OhdUAYWnENkyDHu3v5lE39O6VuhQMgrA==",
      "license": "MIT"
    }
  }
}
